
Microsoft Visual Studio Solution File, Format Version 12.00
# Visual Studio Version 16
VisualStudioVersion = 16.0.30104.148
MinimumVisualStudioVersion = 10.0.40219.1
Project("{FAE04EC0-301F-11D3-BF4B-00C04F79EFBC}") = "Variables", "Variables\Variables.csproj", "{62C6CA56-57EB-4D39-90A4-95A2A6F31505}"
EndProject
Project("{FAE04EC0-301F-11D3-BF4B-00C04F79EFBC}") = "UserInput", "UserInput\UserInput.csproj", "{723B97CB-0D2E-4D49-80CD-99375F10C82E}"
EndProject
Project("{FAE04EC0-301F-11D3-BF4B-00C04F79EFBC}") = "TypeCasting", "TypeCasting\TypeCasting.csproj", "{A6E88C4D-13AE-4874-9936-119FC2CAF2D5}"
EndProject
Project("{FAE04EC0-301F-11D3-BF4B-00C04F79EFBC}") = "ConditionalStatements", "ConditionalStatements\ConditionalStatements.csproj", "{F2C99FE7-9F9A-4873-8DC6-0AA4BF70FEA1}"
EndProject
Project("{FAE04EC0-301F-11D3-BF4B-00C04F79EFBC}") = "Loops", "Loops\Loops.csproj", "{D4BC7F7D-91A7-4189-AE42-BA87FE1B7CDC}"
EndProject
Global
	GlobalSection(SolutionConfigurationPlatforms) = preSolution
		Debug|Any CPU = Debug|Any CPU
		Release|Any CPU = Release|Any CPU
	EndGlobalSection
	GlobalSection(ProjectConfigurationPlatforms) = postSolution
		{62C6CA56-57EB-4D39-90A4-95A2A6F31505}.Debug|Any CPU.ActiveCfg = Debug|Any CPU
		{62C6CA56-57EB-4D39-90A4-95A2A6F31505}.Debug|Any CPU.Build.0 = Debug|Any CPU
		{62C6CA56-57EB-4D39-90A4-95A2A6F31505}.Release|Any CPU.ActiveCfg = Release|Any CPU
		{62C6CA56-57EB-4D39-90A4-95A2A6F31505}.Release|Any CPU.Build.0 = Release|Any CPU
		{723B97CB-0D2E-4D49-80CD-99375F10C82E}.Debug|Any CPU.ActiveCfg = Debug|Any CPU
		{723B97CB-0D2E-4D49-80CD-99375F10C82E}.Debug|Any CPU.Build.0 = Debug|Any CPU
		{723B97CB-0D2E-4D49-80CD-99375F10C82E}.Release|Any CPU.ActiveCfg = Release|Any CPU
		{723B97CB-0D2E-4D49-80CD-99375F10C82E}.Release|Any CPU.Build.0 = Release|Any CPU
		{A6E88C4D-13AE-4874-9936-119FC2CAF2D5}.Debug|Any CPU.ActiveCfg = Debug|Any CPU
		{A6E88C4D-13AE-4874-9936-119FC2CAF2D5}.Debug|Any CPU.Build.0 = Debug|Any CPU
		{A6E88C4D-13AE-4874-9936-119FC2CAF2D5}.Release|Any CPU.ActiveCfg = Release|Any CPU
		{A6E88C4D-13AE-4874-9936-119FC2CAF2D5}.Release|Any CPU.Build.0 = Release|Any CPU
		{F2C99FE7-9F9A-4873-8DC6-0AA4BF70FEA1}.Debug|Any CPU.ActiveCfg = Debug|Any CPU
		{F2C99FE7-9F9A-4873-8DC6-0AA4BF70FEA1}.Debug|Any CPU.Build.0 = Debug|Any CPU
		{F2C99FE7-9F9A-4873-8DC6-0AA4BF70FEA1}.Release|Any CPU.ActiveCfg = Release|Any CPU
		{F2C99FE7-9F9A-4873-8DC6-0AA4BF70FEA1}.Release|Any CPU.Build.0 = Release|Any CPU
		{D4BC7F7D-91A7-4189-AE42-BA87FE1B7CDC}.Debug|Any CPU.ActiveCfg = Debug|Any CPU
		{D4BC7F7D-91A7-4189-AE42-BA87FE1B7CDC}.Debug|Any CPU.Build.0 = Debug|Any CPU
		{D4BC7F7D-91A7-4189-AE42-BA87FE1B7CDC}.Release|Any CPU.ActiveCfg = Release|Any CPU
		{D4BC7F7D-91A7-4189-AE42-BA87FE1B7CDC}.Release|Any CPU.Build.0 = Release|Any CPU
	EndGlobalSection
	GlobalSection(SolutionProperties) = preSolution
		HideSolutionNode = FALSE
	EndGlobalSection
	GlobalSection(ExtensibilityGlobals) = postSolution
		SolutionGuid = {804742FB-B777-466C-A9CA-DB4F5A03562D}
	EndGlobalSection
EndGlobal
